
Microsoft Visual Studio Solution File, Format Version 12.00
Project("{2150E333-8FDC-42A3-9474-1A3956D46DE8}") = "src", "src", "{296CE32B-BD19-4CB5-BB02-64AE8EC1CF3E}"
EndProject
Project("{2150E333-8FDC-42A3-9474-1A3956D46DE8}") = "tests", "tests", "{40B11AB4-60F7-432D-892D-8F7F0F974ED8}"
EndProject
Project("{FAE04EC0-301F-11D3-BF4B-00C04F79EFBC}") = "CourseConstructor.CourseService.API", "src\CourseConstructor.CourseService.API\CourseConstructor.CourseService.API.csproj", "{01A4F943-F5BD-440E-BA33-EB5233F1CC11}"
EndProject
Project("{FAE04EC0-301F-11D3-BF4B-00C04F79EFBC}") = "CourseConstructor.CourseService.CORE", "src\CourseConstructor.CourseService.CORE\CourseConstructor.CourseService.CORE.csproj", "{AB7708AE-2FFC-4231-B493-4E57AB72216C}"
EndProject
Project("{FAE04EC0-301F-11D3-BF4B-00C04F79EFBC}") = "CourseConstructor.CourseService.Infrastructure", "src\CourseConstructor.CourseService.Infrastructure\CourseConstructor.CourseService.Infrastructure.csproj", "{AD228B9D-2FB8-4B5B-9F20-0567A058CBF3}"
EndProject
Global
	GlobalSection(SolutionConfigurationPlatforms) = preSolution
		Debug|Any CPU = Debug|Any CPU
		Release|Any CPU = Release|Any CPU
	EndGlobalSection
	GlobalSection(NestedProjects) = preSolution
		{01A4F943-F5BD-440E-BA33-EB5233F1CC11} = {296CE32B-BD19-4CB5-BB02-64AE8EC1CF3E}
		{AB7708AE-2FFC-4231-B493-4E57AB72216C} = {296CE32B-BD19-4CB5-BB02-64AE8EC1CF3E}
		{AD228B9D-2FB8-4B5B-9F20-0567A058CBF3} = {296CE32B-BD19-4CB5-BB02-64AE8EC1CF3E}
	EndGlobalSection
	GlobalSection(ProjectConfigurationPlatforms) = postSolution
		{01A4F943-F5BD-440E-BA33-EB5233F1CC11}.Debug|Any CPU.ActiveCfg = Debug|Any CPU
		{01A4F943-F5BD-440E-BA33-EB5233F1CC11}.Debug|Any CPU.Build.0 = Debug|Any CPU
		{01A4F943-F5BD-440E-BA33-EB5233F1CC11}.Release|Any CPU.ActiveCfg = Release|Any CPU
		{01A4F943-F5BD-440E-BA33-EB5233F1CC11}.Release|Any CPU.Build.0 = Release|Any CPU
		{AB7708AE-2FFC-4231-B493-4E57AB72216C}.Debug|Any CPU.ActiveCfg = Debug|Any CPU
		{AB7708AE-2FFC-4231-B493-4E57AB72216C}.Debug|Any CPU.Build.0 = Debug|Any CPU
		{AB7708AE-2FFC-4231-B493-4E57AB72216C}.Release|Any CPU.ActiveCfg = Release|Any CPU
		{AB7708AE-2FFC-4231-B493-4E57AB72216C}.Release|Any CPU.Build.0 = Release|Any CPU
		{AD228B9D-2FB8-4B5B-9F20-0567A058CBF3}.Debug|Any CPU.ActiveCfg = Debug|Any CPU
		{AD228B9D-2FB8-4B5B-9F20-0567A058CBF3}.Debug|Any CPU.Build.0 = Debug|Any CPU
		{AD228B9D-2FB8-4B5B-9F20-0567A058CBF3}.Release|Any CPU.ActiveCfg = Release|Any CPU
		{AD228B9D-2FB8-4B5B-9F20-0567A058CBF3}.Release|Any CPU.Build.0 = Release|Any CPU
	EndGlobalSection
EndGlobal
